
Microsoft Visual Studio Solution File, Format Version 12.00
# Visual Studio Version 16
VisualStudioVersion = 16.0.30320.27
MinimumVisualStudioVersion = 10.0.40219.1
Project("{9A19103F-16F7-4668-BE54-9A1E7A4F7556}") = "Day 12. Абстракция 1", "Day 12. Абстракция 1\Day 12. Абстракция 1.csproj", "{5FAD7AC6-33D6-4EC5-93CD-FBC40C54FB6E}"
EndProject
Global
	GlobalSection(SolutionConfigurationPlatforms) = preSolution
		Debug|Any CPU = Debug|Any CPU
		Release|Any CPU = Release|Any CPU
	EndGlobalSection
	GlobalSection(ProjectConfigurationPlatforms) = postSolution
		{5FAD7AC6-33D6-4EC5-93CD-FBC40C54FB6E}.Debug|Any CPU.ActiveCfg = Debug|Any CPU
		{5FAD7AC6-33D6-4EC5-93CD-FBC40C54FB6E}.Debug|Any CPU.Build.0 = Debug|Any CPU
		{5FAD7AC6-33D6-4EC5-93CD-FBC40C54FB6E}.Release|Any CPU.ActiveCfg = Release|Any CPU
		{5FAD7AC6-33D6-4EC5-93CD-FBC40C54FB6E}.Release|Any CPU.Build.0 = Release|Any CPU
	EndGlobalSection
	GlobalSection(SolutionProperties) = preSolution
		HideSolutionNode = FALSE
	EndGlobalSection
	GlobalSection(ExtensibilityGlobals) = postSolution
		SolutionGuid = {3349CC5C-2CFF-4567-8174-6D9A561CD230}
	EndGlobalSection
EndGlobal
